
Microsoft Visual Studio Solution File, Format Version 12.00
# Visual Studio Version 17
VisualStudioVersion = 17.8.34309.116
MinimumVisualStudioVersion = 10.0.40219.1
Project("{9A19103F-16F7-4668-BE54-9A1E7A4F7556}") = "CreativeCollab2", "CreativeCollab2\CreativeCollab2.csproj", "{A1B6D34F-EC77-4709-B004-9F99B65266A1}"
EndProject
Global
	GlobalSection(SolutionConfigurationPlatforms) = preSolution
		Debug|Any CPU = Debug|Any CPU
		Release|Any CPU = Release|Any CPU
	EndGlobalSection
	GlobalSection(ProjectConfigurationPlatforms) = postSolution
		{A1B6D34F-EC77-4709-B004-9F99B65266A1}.Debug|Any CPU.ActiveCfg = Debug|Any CPU
		{A1B6D34F-EC77-4709-B004-9F99B65266A1}.Debug|Any CPU.Build.0 = Debug|Any CPU
		{A1B6D34F-EC77-4709-B004-9F99B65266A1}.Release|Any CPU.ActiveCfg = Release|Any CPU
		{A1B6D34F-EC77-4709-B004-9F99B65266A1}.Release|Any CPU.Build.0 = Release|Any CPU
	EndGlobalSection
	GlobalSection(SolutionProperties) = preSolution
		HideSolutionNode = FALSE
	EndGlobalSection
	GlobalSection(ExtensibilityGlobals) = postSolution
		SolutionGuid = {8651A1F2-352A-4C57-9CBB-A4115263292E}
	EndGlobalSection
EndGlobal
